
Microsoft Visual Studio Solution File, Format Version 12.00
# Visual Studio Version 17
VisualStudioVersion = 17.3.32929.385
MinimumVisualStudioVersion = 10.0.40219.1
Project("{FAE04EC0-301F-11D3-BF4B-00C04F79EFBC}") = "Karlo_LederProjekt", "Karlo_LederProjekt\Karlo_LederProjekt.csproj", "{CEA83B50-111B-4865-AF65-9F9AD3F0A9C4}"
EndProject
Global
	GlobalSection(SolutionConfigurationPlatforms) = preSolution
		Debug|Any CPU = Debug|Any CPU
		Release|Any CPU = Release|Any CPU
	EndGlobalSection
	GlobalSection(ProjectConfigurationPlatforms) = postSolution
		{CEA83B50-111B-4865-AF65-9F9AD3F0A9C4}.Debug|Any CPU.ActiveCfg = Debug|Any CPU
		{CEA83B50-111B-4865-AF65-9F9AD3F0A9C4}.Debug|Any CPU.Build.0 = Debug|Any CPU
		{CEA83B50-111B-4865-AF65-9F9AD3F0A9C4}.Release|Any CPU.ActiveCfg = Release|Any CPU
		{CEA83B50-111B-4865-AF65-9F9AD3F0A9C4}.Release|Any CPU.Build.0 = Release|Any CPU
	EndGlobalSection
	GlobalSection(SolutionProperties) = preSolution
		HideSolutionNode = FALSE
	EndGlobalSection
	GlobalSection(ExtensibilityGlobals) = postSolution
		SolutionGuid = {9D1515ED-DA5D-44DA-ACE5-274396E458A7}
	EndGlobalSection
EndGlobal
